
Microsoft Visual Studio Solution File, Format Version 12.00
# Visual Studio Version 16
VisualStudioVersion = 16.0.30907.101
MinimumVisualStudioVersion = 10.0.40219.1
Project("{FAE04EC0-301F-11D3-BF4B-00C04F79EFBC}") = "AlgoritmLesson5", "AlgoritmLesson5\AlgoritmLesson5.csproj", "{008DEFDD-4FA4-4270-A64E-B0C983D7F718}"
EndProject
Global
	GlobalSection(SolutionConfigurationPlatforms) = preSolution
		Debug|Any CPU = Debug|Any CPU
		Release|Any CPU = Release|Any CPU
	EndGlobalSection
	GlobalSection(ProjectConfigurationPlatforms) = postSolution
		{008DEFDD-4FA4-4270-A64E-B0C983D7F718}.Debug|Any CPU.ActiveCfg = Debug|Any CPU
		{008DEFDD-4FA4-4270-A64E-B0C983D7F718}.Debug|Any CPU.Build.0 = Debug|Any CPU
		{008DEFDD-4FA4-4270-A64E-B0C983D7F718}.Release|Any CPU.ActiveCfg = Release|Any CPU
		{008DEFDD-4FA4-4270-A64E-B0C983D7F718}.Release|Any CPU.Build.0 = Release|Any CPU
	EndGlobalSection
	GlobalSection(SolutionProperties) = preSolution
		HideSolutionNode = FALSE
	EndGlobalSection
	GlobalSection(ExtensibilityGlobals) = postSolution
		SolutionGuid = {BCDC1082-7F74-4446-A5F8-EF5CDB155EB8}
	EndGlobalSection
EndGlobal
